// !$*UTF8*$!
{
	archiveVersion = 1;
	classes = {
	};
	objectVersion = 55;
	objects = {

/* Begin PBXBuildFile section */
		91D3892C2D7987E2004F2467 /* NewsArticlesApp.swift in Sources */ = {isa = PBXBuildFile; fileRef = 91D3892B2D7987E2004F2467 /* NewsArticlesApp.swift */; };
		91D389302D7987E4004F2467 /* Assets.xcassets in Resources */ = {isa = PBXBuildFile; fileRef = 91D3892F2D7987E4004F2467 /* Assets.xcassets */; };
		91D389332D7987E4004F2467 /* Preview Assets.xcassets in Resources */ = {isa = PBXBuildFile; fileRef = 91D389322D7987E4004F2467 /* Preview Assets.xcassets */; };
		91D3893D2D7987E4004F2467 /* NewsArticlesTests.swift in Sources */ = {isa = PBXBuildFile; fileRef = 91D3893C2D7987E4004F2467 /* NewsArticlesTests.swift */; };
		91D389472D7987E4004F2467 /* NewsArticlesUITests.swift in Sources */ = {isa = PBXBuildFile; fileRef = 91D389462D7987E4004F2467 /* NewsArticlesUITests.swift */; };
		91D389492D7987E4004F2467 /* NewsArticlesUITestsLaunchTests.swift in Sources */ = {isa = PBXBuildFile; fileRef = 91D389482D7987E4004F2467 /* NewsArticlesUITestsLaunchTests.swift */; };
		91D389852D7988E3004F2467 /* NewsArticle.swift in Sources */ = {isa = PBXBuildFile; fileRef = 91D3897A2D7988E3004F2467 /* NewsArticle.swift */; };
		91D389862D7988E3004F2467 /* DetailView.swift in Sources */ = {isa = PBXBuildFile; fileRef = 91D3897C2D7988E3004F2467 /* DetailView.swift */; };
		91D389872D7988E3004F2467 /* ArticleView.swift in Sources */ = {isa = PBXBuildFile; fileRef = 91D3897D2D7988E3004F2467 /* ArticleView.swift */; };
		91D389882D7988E3004F2467 /* CardView.swift in Sources */ = {isa = PBXBuildFile; fileRef = 91D3897E2D7988E3004F2467 /* CardView.swift */; };
		91D389892D7988E3004F2467 /* ArticleImageView.swift in Sources */ = {isa = PBXBuildFile; fileRef = 91D389802D7988E3004F2467 /* ArticleImageView.swift */; };
		91D3898A2D7988E3004F2467 /* ArticlesViewModel.swift in Sources */ = {isa = PBXBuildFile; fileRef = 91D389822D7988E3004F2467 /* ArticlesViewModel.swift */; };
		91D3898B2D7988E3004F2467 /* NewsAPI.swift in Sources */ = {isa = PBXBuildFile; fileRef = 91D389842D7988E3004F2467 /* NewsAPI.swift */; };
/* End PBXBuildFile section */

/* Begin PBXContainerItemProxy section */
		91D389392D7987E4004F2467 /* PBXContainerItemProxy */ = {
			isa = PBXContainerItemProxy;
			containerPortal = 91D389202D7987E2004F2467 /* Project object */;
			proxyType = 1;
			remoteGlobalIDString = 91D389272D7987E2004F2467;
			remoteInfo = NewsArticles;
		};
		91D389432D7987E4004F2467 /* PBXContainerItemProxy */ = {
			isa = PBXContainerItemProxy;
			containerPortal = 91D389202D7987E2004F2467 /* Project object */;
			proxyType = 1;
			remoteGlobalIDString = 91D389272D7987E2004F2467;
			remoteInfo = NewsArticles;
		};
/* End PBXContainerItemProxy section */

/* Begin PBXFileReference section */
		91D389282D7987E2004F2467 /* NewsArticles.app */ = {isa = PBXFileReference; explicitFileType = wrapper.application; includeInIndex = 0; path = NewsArticles.app; sourceTree = BUILT_PRODUCTS_DIR; };
		91D3892B2D7987E2004F2467 /* NewsArticlesApp.swift */ = {isa = PBXFileReference; lastKnownFileType = sourcecode.swift; path = NewsArticlesApp.swift; sourceTree = "<group>"; };
		91D3892F2D7987E4004F2467 /* Assets.xcassets */ = {isa = PBXFileReference; lastKnownFileType = folder.assetcatalog; path = Assets.xcassets; sourceTree = "<group>"; };
		91D389322D7987E4004F2467 /* Preview Assets.xcassets */ = {isa = PBXFileReference; lastKnownFileType = folder.assetcatalog; path = "Preview Assets.xcassets"; sourceTree = "<group>"; };
		91D389382D7987E4004F2467 /* NewsArticlesTests.xctest */ = {isa = PBXFileReference; explicitFileType = wrapper.cfbundle; includeInIndex = 0; path = NewsArticlesTests.xctest; sourceTree = BUILT_PRODUCTS_DIR; };
		91D3893C2D7987E4004F2467 /* NewsArticlesTests.swift */ = {isa = PBXFileReference; lastKnownFileType = sourcecode.swift; path = NewsArticlesTests.swift; sourceTree = "<group>"; };
		91D389422D7987E4004F2467 /* NewsArticlesUITests.xctest */ = {isa = PBXFileReference; explicitFileType = wrapper.cfbundle; includeInIndex = 0; path = NewsArticlesUITests.xctest; sourceTree = BUILT_PRODUCTS_DIR; };
		91D389462D7987E4004F2467 /* NewsArticlesUITests.swift */ = {isa = PBXFileReference; lastKnownFileType = sourcecode.swift; path = NewsArticlesUITests.swift; sourceTree = "<group>"; };
		91D389482D7987E4004F2467 /* NewsArticlesUITestsLaunchTests.swift */ = {isa = PBXFileReference; lastKnownFileType = sourcecode.swift; path = NewsArticlesUITestsLaunchTests.swift; sourceTree = "<group>"; };
		91D3897A2D7988E3004F2467 /* NewsArticle.swift */ = {isa = PBXFileReference; fileEncoding = 4; lastKnownFileType = sourcecode.swift; path = NewsArticle.swift; sourceTree = "<group>"; };
		91D3897C2D7988E3004F2467 /* DetailView.swift */ = {isa = PBXFileReference; fileEncoding = 4; lastKnownFileType = sourcecode.swift; path = DetailView.swift; sourceTree = "<group>"; };
		91D3897D2D7988E3004F2467 /* ArticleView.swift */ = {isa = PBXFileReference; fileEncoding = 4; lastKnownFileType = sourcecode.swift; path = ArticleView.swift; sourceTree = "<group>"; };
		91D3897E2D7988E3004F2467 /* CardView.swift */ = {isa = PBXFileReference; fileEncoding = 4; lastKnownFileType = sourcecode.swift; path = CardView.swift; sourceTree = "<group>"; };
		91D389802D7988E3004F2467 /* ArticleImageView.swift */ = {isa = PBXFileReference; fileEncoding = 4; lastKnownFileType = sourcecode.swift; path = ArticleImageView.swift; sourceTree = "<group>"; };
		91D389822D7988E3004F2467 /* ArticlesViewModel.swift */ = {isa = PBXFileReference; fileEncoding = 4; lastKnownFileType = sourcecode.swift; path = ArticlesViewModel.swift; sourceTree = "<group>"; };
		91D389842D7988E3004F2467 /* NewsAPI.swift */ = {isa = PBXFileReference; fileEncoding = 4; lastKnownFileType = sourcecode.swift; path = NewsAPI.swift; sourceTree = "<group>"; };
/* End PBXFileReference section */

/* Begin PBXFrameworksBuildPhase section */
		91D389252D7987E2004F2467 /* Frameworks */ = {
			isa = PBXFrameworksBuildPhase;
			buildActionMask = 2147483647;
			files = (
			);
			runOnlyForDeploymentPostprocessing = 0;
		};
		91D389352D7987E4004F2467 /* Frameworks */ = {
			isa = PBXFrameworksBuildPhase;
			buildActionMask = 2147483647;
			files = (
			);
			runOnlyForDeploymentPostprocessing = 0;
		};
		91D3893F2D7987E4004F2467 /* Frameworks */ = {
			isa = PBXFrameworksBuildPhase;
			buildActionMask = 2147483647;
			files = (
			);
			runOnlyForDeploymentPostprocessing = 0;
		};
/* End PBXFrameworksBuildPhase section */

/* Begin PBXGroup section */
		91D3891F2D7987E2004F2467 = {
			isa = PBXGroup;
			children = (
				91D3892A2D7987E2004F2467 /* NewsArticles */,
				91D3893B2D7987E4004F2467 /* NewsArticlesTests */,
				91D389452D7987E4004F2467 /* NewsArticlesUITests */,
				91D389292D7987E2004F2467 /* Products */,
			);
			sourceTree = "<group>";
		};
		91D389292D7987E2004F2467 /* Products */ = {
			isa = PBXGroup;
			children = (
				91D389282D7987E2004F2467 /* NewsArticles.app */,
				91D389382D7987E4004F2467 /* NewsArticlesTests.xctest */,
				91D389422D7987E4004F2467 /* NewsArticlesUITests.xctest */,
			);
			name = Products;
			sourceTree = "<group>";
		};
		91D3892A2D7987E2004F2467 /* NewsArticles */ = {
			isa = PBXGroup;
			children = (
				91D3898D2D7989BF004F2467 /* SceneDelegate */,
				91D3897B2D7988E3004F2467 /* Views */,
				91D389812D7988E3004F2467 /* ViewModels */,
				91D389832D7988E3004F2467 /* Services */,
				91D389792D7988E3004F2467 /* Models */,
				91D3898C2D798946004F2467 /* Resources */,
				91D389312D7987E4004F2467 /* Preview Content */,
			);
			path = NewsArticles;
			sourceTree = "<group>";
		};
		91D389312D7987E4004F2467 /* Preview Content */ = {
			isa = PBXGroup;
			children = (
				91D389322D7987E4004F2467 /* Preview Assets.xcassets */,
			);
			path = "Preview Content";
			sourceTree = "<group>";
		};
		91D3893B2D7987E4004F2467 /* NewsArticlesTests */ = {
			isa = PBXGroup;
			children = (
				91D3893C2D7987E4004F2467 /* NewsArticlesTests.swift */,
			);
			path = NewsArticlesTests;
			sourceTree = "<group>";
		};
		91D389452D7987E4004F2467 /* NewsArticlesUITests */ = {
			isa = PBXGroup;
			children = (
				91D389462D7987E4004F2467 /* NewsArticlesUITests.swift */,
				91D389482D7987E4004F2467 /* NewsArticlesUITestsLaunchTests.swift */,
			);
			path = NewsArticlesUITests;
			sourceTree = "<group>";
		};
		91D389792D7988E3004F2467 /* Models */ = {
			isa = PBXGroup;
			children = (
				91D3897A2D7988E3004F2467 /* NewsArticle.swift */,
			);
			path = Models;
			sourceTree = "<group>";
		};
		91D3897B2D7988E3004F2467 /* Views */ = {
			isa = PBXGroup;
			children = (
				91D3897D2D7988E3004F2467 /* ArticleView.swift */,
				91D3897E2D7988E3004F2467 /* CardView.swift */,
				91D3897C2D7988E3004F2467 /* DetailView.swift */,
				91D3897F2D7988E3004F2467 /* Helper */,
			);
			path = Views;
			sourceTree = "<group>";
		};
		91D3897F2D7988E3004F2467 /* Helper */ = {
			isa = PBXGroup;
			children = (
				91D389802D7988E3004F2467 /* ArticleImageView.swift */,
			);
			path = Helper;
			sourceTree = "<group>";
		};
		91D389812D7988E3004F2467 /* ViewModels */ = {
			isa = PBXGroup;
			children = (
				91D389822D7988E3004F2467 /* ArticlesViewModel.swift */,
			);
			path = ViewModels;
			sourceTree = "<group>";
		};
		91D389832D7988E3004F2467 /* Services */ = {
			isa = PBXGroup;
			children = (
				91D389842D7988E3004F2467 /* NewsAPI.swift */,
			);
			path = Services;
			sourceTree = "<group>";
		};
		91D3898C2D798946004F2467 /* Resources */ = {
			isa = PBXGroup;
			children = (
				91D3892F2D7987E4004F2467 /* Assets.xcassets */,
			);
			path = Resources;
			sourceTree = "<group>";
		};
		91D3898D2D7989BF004F2467 /* SceneDelegate */ = {
			isa = PBXGroup;
			children = (
				91D3892B2D7987E2004F2467 /* NewsArticlesApp.swift */,
			);
			path = SceneDelegate;
			sourceTree = "<group>";
		};
/* End PBXGroup section */

/* Begin PBXNativeTarget section */
		91D389272D7987E2004F2467 /* NewsArticles */ = {
			isa = PBXNativeTarget;
			buildConfigurationList = 91D3894C2D7987E4004F2467 /* Build configuration list for PBXNativeTarget "NewsArticles" */;
			buildPhases = (
				91D389242D7987E2004F2467 /* Sources */,
				91D389252D7987E2004F2467 /* Frameworks */,
				91D389262D7987E2004F2467 /* Resources */,
			);
			buildRules = (
			);
			dependencies = (
			);
			name = NewsArticles;
			productName = NewsArticles;
			productReference = 91D389282D7987E2004F2467 /* NewsArticles.app */;
			productType = "com.apple.product-type.application";
		};
		91D389372D7987E4004F2467 /* NewsArticlesTests */ = {
			isa = PBXNativeTarget;
			buildConfigurationList = 91D3894F2D7987E4004F2467 /* Build configuration list for PBXNativeTarget "NewsArticlesTests" */;
			buildPhases = (
				91D389342D7987E4004F2467 /* Sources */,
				91D389352D7987E4004F2467 /* Frameworks */,
				91D389362D7987E4004F2467 /* Resources */,
			);
			buildRules = (
			);
			dependencies = (
				91D3893A2D7987E4004F2467 /* PBXTargetDependency */,
			);
			name = NewsArticlesTests;
			productName = NewsArticlesTests;
			productReference = 91D389382D7987E4004F2467 /* NewsArticlesTests.xctest */;
			productType = "com.apple.product-type.bundle.unit-test";
		};
		91D389412D7987E4004F2467 /* NewsArticlesUITests */ = {
			isa = PBXNativeTarget;
			buildConfigurationList = 91D389522D7987E4004F2467 /* Build configuration list for PBXNativeTarget "NewsArticlesUITests" */;
			buildPhases = (
				91D3893E2D7987E4004F2467 /* Sources */,
				91D3893F2D7987E4004F2467 /* Frameworks */,
				91D389402D7987E4004F2467 /* Resources */,
			);
			buildRules = (
			);
			dependencies = (
				91D389442D7987E4004F2467 /* PBXTargetDependency */,
			);
			name = NewsArticlesUITests;
			productName = NewsArticlesUITests;
			productReference = 91D389422D7987E4004F2467 /* NewsArticlesUITests.xctest */;
			productType = "com.apple.product-type.bundle.ui-testing";
		};
/* End PBXNativeTarget section */

/* Begin PBXProject section */
		91D389202D7987E2004F2467 /* Project object */ = {
			isa = PBXProject;
			attributes = {
				BuildIndependentTargetsInParallel = 1;
				LastSwiftUpdateCheck = 1340;
				LastUpgradeCheck = 1340;
				TargetAttributes = {
					91D389272D7987E2004F2467 = {
						CreatedOnToolsVersion = 13.4;
					};
					91D389372D7987E4004F2467 = {
						CreatedOnToolsVersion = 13.4;
						TestTargetID = 91D389272D7987E2004F2467;
					};
					91D389412D7987E4004F2467 = {
						CreatedOnToolsVersion = 13.4;
						TestTargetID = 91D389272D7987E2004F2467;
					};
				};
			};
			buildConfigurationList = 91D389232D7987E2004F2467 /* Build configuration list for PBXProject "NewsArticles" */;
			compatibilityVersion = "Xcode 13.0";
			developmentRegion = en;
			hasScannedForEncodings = 0;
			knownRegions = (
				en,
				Base,
			);
			mainGroup = 91D3891F2D7987E2004F2467;
			productRefGroup = 91D389292D7987E2004F2467 /* Products */;
			projectDirPath = "";
			projectRoot = "";
			targets = (
				91D389272D7987E2004F2467 /* NewsArticles */,
				91D389372D7987E4004F2467 /* NewsArticlesTests */,
				91D389412D7987E4004F2467 /* NewsArticlesUITests */,
			);
		};
/* End PBXProject section */

/* Begin PBXResourcesBuildPhase section */
		91D389262D7987E2004F2467 /* Resources */ = {
			isa = PBXResourcesBuildPhase;
			buildActionMask = 2147483647;
			files = (
				91D389332D7987E4004F2467 /* Preview Assets.xcassets in Resources */,
				91D389302D7987E4004F2467 /* Assets.xcassets in Resources */,
			);
			runOnlyForDeploymentPostprocessing = 0;
		};
		91D389362D7987E4004F2467 /* Resources */ = {
			isa = PBXResourcesBuildPhase;
			buildActionMask = 2147483647;
			files = (
			);
			runOnlyForDeploymentPostprocessing = 0;
		};
		91D389402D7987E4004F2467 /* Resources */ = {
			isa = PBXResourcesBuildPhase;
			buildActionMask = 2147483647;
			files = (
			);
			runOnlyForDeploymentPostprocessing = 0;
		};
/* End PBXResourcesBuildPhase section */

/* Begin PBXSourcesBuildPhase section */
		91D389242D7987E2004F2467 /* Sources */ = {
			isa = PBXSourcesBuildPhase;
			buildActionMask = 2147483647;
			files = (
				91D3898B2D7988E3004F2467 /* NewsAPI.swift in Sources */,
				91D389862D7988E3004F2467 /* DetailView.swift in Sources */,
				91D389852D7988E3004F2467 /* NewsArticle.swift in Sources */,
				91D3892C2D7987E2004F2467 /* NewsArticlesApp.swift in Sources */,
				91D389892D7988E3004F2467 /* ArticleImageView.swift in Sources */,
				91D389882D7988E3004F2467 /* CardView.swift in Sources */,
				91D389872D7988E3004F2467 /* ArticleView.swift in Sources */,
				91D3898A2D7988E3004F2467 /* ArticlesViewModel.swift in Sources */,
			);
			runOnlyForDeploymentPostprocessing = 0;
		};
		91D389342D7987E4004F2467 /* Sources */ = {
			isa = PBXSourcesBuildPhase;
			buildActionMask = 2147483647;
			files = (
				91D3893D2D7987E4004F2467 /* NewsArticlesTests.swift in Sources */,
			);
			runOnlyForDeploymentPostprocessing = 0;
		};
		91D3893E2D7987E4004F2467 /* Sources */ = {
			isa = PBXSourcesBuildPhase;
			buildActionMask = 2147483647;
			files = (
				91D389492D7987E4004F2467 /* NewsArticlesUITestsLaunchTests.swift in Sources */,
				91D389472D7987E4004F2467 /* NewsArticlesUITests.swift in Sources */,
			);
			runOnlyForDeploymentPostprocessing = 0;
		};
/* End PBXSourcesBuildPhase section */

/* Begin PBXTargetDependency section */
		91D3893A2D7987E4004F2467 /* PBXTargetDependency */ = {
			isa = PBXTargetDependency;
			target = 91D389272D7987E2004F2467 /* NewsArticles */;
			targetProxy = 91D389392D7987E4004F2467 /* PBXContainerItemProxy */;
		};
		91D389442D7987E4004F2467 /* PBXTargetDependency */ = {
			isa = PBXTargetDependency;
			target = 91D389272D7987E2004F2467 /* NewsArticles */;
			targetProxy = 91D389432D7987E4004F2467 /* PBXContainerItemProxy */;
		};
/* End PBXTargetDependency section */

/* Begin XCBuildConfiguration section */
		91D3894A2D7987E4004F2467 /* Debug */ = {
			isa = XCBuildConfiguration;
			buildSettings = {
				ALWAYS_SEARCH_USER_PATHS = NO;
				CLANG_ANALYZER_NONNULL = YES;
				CLANG_ANALYZER_NUMBER_OBJECT_CONVERSION = YES_AGGRESSIVE;
				CLANG_CXX_LANGUAGE_STANDARD = "gnu++17";
				CLANG_ENABLE_MODULES = YES;
				CLANG_ENABLE_OBJC_ARC = YES;
				CLANG_ENABLE_OBJC_WEAK = YES;
				CLANG_WARN_BLOCK_CAPTURE_AUTORELEASING = YES;
				CLANG_WARN_BOOL_CONVERSION = YES;
				CLANG_WARN_COMMA = YES;
				CLANG_WARN_CONSTANT_CONVERSION = YES;
				CLANG_WARN_DEPRECATED_OBJC_IMPLEMENTATIONS = YES;
				CLANG_WARN_DIRECT_OBJC_ISA_USAGE = YES_ERROR;
				CLANG_WARN_DOCUMENTATION_COMMENTS = YES;
				CLANG_WARN_EMPTY_BODY = YES;
				CLANG_WARN_ENUM_CONVERSION = YES;
				CLANG_WARN_INFINITE_RECURSION = YES;
				CLANG_WARN_INT_CONVERSION = YES;
				CLANG_WARN_NON_LITERAL_NULL_CONVERSION = YES;
				CLANG_WARN_OBJC_IMPLICIT_RETAIN_SELF = YES;
				CLANG_WARN_OBJC_LITERAL_CONVERSION = YES;
				CLANG_WARN_OBJC_ROOT_CLASS = YES_ERROR;
				CLANG_WARN_QUOTED_INCLUDE_IN_FRAMEWORK_HEADER = YES;
				CLANG_WARN_RANGE_LOOP_ANALYSIS = YES;
				CLANG_WARN_STRICT_PROTOTYPES = YES;
				CLANG_WARN_SUSPICIOUS_MOVE = YES;
				CLANG_WARN_UNGUARDED_AVAILABILITY = YES_AGGRESSIVE;
				CLANG_WARN_UNREACHABLE_CODE = YES;
				CLANG_WARN__DUPLICATE_METHOD_MATCH = YES;
				COPY_PHASE_STRIP = NO;
				DEBUG_INFORMATION_FORMAT = dwarf;
				ENABLE_STRICT_OBJC_MSGSEND = YES;
				ENABLE_TESTABILITY = YES;
				GCC_C_LANGUAGE_STANDARD = gnu11;
				GCC_DYNAMIC_NO_PIC = NO;
				GCC_NO_COMMON_BLOCKS = YES;
				GCC_OPTIMIZATION_LEVEL = 0;
				GCC_PREPROCESSOR_DEFINITIONS = (
					"DEBUG=1",
					"$(inherited)",
				);
				GCC_WARN_64_TO_32_BIT_CONVERSION = YES;
				GCC_WARN_ABOUT_RETURN_TYPE = YES_ERROR;
				GCC_WARN_UNDECLARED_SELECTOR = YES;
				GCC_WARN_UNINITIALIZED_AUTOS = YES_AGGRESSIVE;
				GCC_WARN_UNUSED_FUNCTION = YES;
				GCC_WARN_UNUSED_VARIABLE = YES;
				IPHONEOS_DEPLOYMENT_TARGET = 15.5;
				MTL_ENABLE_DEBUG_INFO = INCLUDE_SOURCE;
				MTL_FAST_MATH = YES;
				ONLY_ACTIVE_ARCH = YES;
				SDKROOT = iphoneos;
				SWIFT_ACTIVE_COMPILATION_CONDITIONS = DEBUG;
				SWIFT_OPTIMIZATION_LEVEL = "-Onone";
			};
			name = Debug;
		};
		91D3894B2D7987E4004F2467 /* Release */ = {
			isa = XCBuildConfiguration;
			buildSettings = {
				ALWAYS_SEARCH_USER_PATHS = NO;
				CLANG_ANALYZER_NONNULL = YES;
				CLANG_ANALYZER_NUMBER_OBJECT_CONVERSION = YES_AGGRESSIVE;
				CLANG_CXX_LANGUAGE_STANDARD = "gnu++17";
				CLANG_ENABLE_MODULES = YES;
				CLANG_ENABLE_OBJC_ARC = YES;
				CLANG_ENABLE_OBJC_WEAK = YES;
				CLANG_WARN_BLOCK_CAPTURE_AUTORELEASING = YES;
				CLANG_WARN_BOOL_CONVERSION = YES;
				CLANG_WARN_COMMA = YES;
				CLANG_WARN_CONSTANT_CONVERSION = YES;
				CLANG_WARN_DEPRECATED_OBJC_IMPLEMENTATIONS = YES;
				CLANG_WARN_DIRECT_OBJC_ISA_USAGE = YES_ERROR;
				CLANG_WARN_DOCUMENTATION_COMMENTS = YES;
				CLANG_WARN_EMPTY_BODY = YES;
				CLANG_WARN_ENUM_CONVERSION = YES;
				CLANG_WARN_INFINITE_RECURSION = YES;
				CLANG_WARN_INT_CONVERSION = YES;
				CLANG_WARN_NON_LITERAL_NULL_CONVERSION = YES;
				CLANG_WARN_OBJC_IMPLICIT_RETAIN_SELF = YES;
				CLANG_WARN_OBJC_LITERAL_CONVERSION = YES;
				CLANG_WARN_OBJC_ROOT_CLASS = YES_ERROR;
				CLANG_WARN_QUOTED_INCLUDE_IN_FRAMEWORK_HEADER = YES;
				CLANG_WARN_RANGE_LOOP_ANALYSIS = YES;
				CLANG_WARN_STRICT_PROTOTYPES = YES;
				CLANG_WARN_SUSPICIOUS_MOVE = YES;
				CLANG_WARN_UNGUARDED_AVAILABILITY = YES_AGGRESSIVE;
				CLANG_WARN_UNREACHABLE_CODE = YES;
				CLANG_WARN__DUPLICATE_METHOD_MATCH = YES;
				COPY_PHASE_STRIP = NO;
				DEBUG_INFORMATION_FORMAT = "dwarf-with-dsym";
				ENABLE_NS_ASSERTIONS = NO;
				ENABLE_STRICT_OBJC_MSGSEND = YES;
				GCC_C_LANGUAGE_STANDARD = gnu11;
				GCC_NO_COMMON_BLOCKS = YES;
				GCC_WARN_64_TO_32_BIT_CONVERSION = YES;
				GCC_WARN_ABOUT_RETURN_TYPE = YES_ERROR;
				GCC_WARN_UNDECLARED_SELECTOR = YES;
				GCC_WARN_UNINITIALIZED_AUTOS = YES_AGGRESSIVE;
				GCC_WARN_UNUSED_FUNCTION = YES;
				GCC_WARN_UNUSED_VARIABLE = YES;
				IPHONEOS_DEPLOYMENT_TARGET = 15.5;
				MTL_ENABLE_DEBUG_INFO = NO;
				MTL_FAST_MATH = YES;
				SDKROOT = iphoneos;
				SWIFT_COMPILATION_MODE = wholemodule;
				SWIFT_OPTIMIZATION_LEVEL = "-O";
				VALIDATE_PRODUCT = YES;
			};
			name = Release;
		};
		91D3894D2D7987E4004F2467 /* Debug */ = {
			isa = XCBuildConfiguration;
			buildSettings = {
				ASSETCATALOG_COMPILER_APPICON_NAME = AppIcon;
				ASSETCATALOG_COMPILER_GLOBAL_ACCENT_COLOR_NAME = AccentColor;
				CODE_SIGN_STYLE = Automatic;
				CURRENT_PROJECT_VERSION = 1;
				DEVELOPMENT_ASSET_PATHS = "\"NewsArticles/Preview Content\"";
				ENABLE_PREVIEWS = YES;
				GENERATE_INFOPLIST_FILE = YES;
				INFOPLIST_KEY_UIApplicationSceneManifest_Generation = YES;
				INFOPLIST_KEY_UIApplicationSupportsIndirectInputEvents = YES;
				INFOPLIST_KEY_UILaunchScreen_Generation = YES;
				INFOPLIST_KEY_UISupportedInterfaceOrientations_iPad = "UIInterfaceOrientationPortrait UIInterfaceOrientationPortraitUpsideDown UIInterfaceOrientationLandscapeLeft UIInterfaceOrientationLandscapeRight";
				INFOPLIST_KEY_UISupportedInterfaceOrientations_iPhone = "UIInterfaceOrientationPortrait UIInterfaceOrientationLandscapeLeft UIInterfaceOrientationLandscapeRight";
				LD_RUNPATH_SEARCH_PATHS = (
					"$(inherited)",
					"@executable_path/Frameworks",
				);
				MARKETING_VERSION = 1.0;
				PRODUCT_BUNDLE_IDENTIFIER = kartik.NewsArticles;
				PRODUCT_NAME = "$(TARGET_NAME)";
				SWIFT_EMIT_LOC_STRINGS = YES;
				SWIFT_VERSION = 5.0;
				TARGETED_DEVICE_FAMILY = "1,2";
			};
			name = Debug;
		};
		91D3894E2D7987E4004F2467 /* Release */ = {
			isa = XCBuildConfiguration;
			buildSettings = {
				ASSETCATALOG_COMPILER_APPICON_NAME = AppIcon;
				ASSETCATALOG_COMPILER_GLOBAL_ACCENT_COLOR_NAME = AccentColor;
				CODE_SIGN_STYLE = Automatic;
				CURRENT_PROJECT_VERSION = 1;
				DEVELOPMENT_ASSET_PATHS = "\"NewsArticles/Preview Content\"";
				ENABLE_PREVIEWS = YES;
				GENERATE_INFOPLIST_FILE = YES;
				INFOPLIST_KEY_UIApplicationSceneManifest_Generation = YES;
				INFOPLIST_KEY_UIApplicationSupportsIndirectInputEvents = YES;
				INFOPLIST_KEY_UILaunchScreen_Generation = YES;
				INFOPLIST_KEY_UISupportedInterfaceOrientations_iPad = "UIInterfaceOrientationPortrait UIInterfaceOrientationPortraitUpsideDown UIInterfaceOrientationLandscapeLeft UIInterfaceOrientationLandscapeRight";
				INFOPLIST_KEY_UISupportedInterfaceOrientations_iPhone = "UIInterfaceOrientationPortrait UIInterfaceOrientationLandscapeLeft UIInterfaceOrientationLandscapeRight";
				LD_RUNPATH_SEARCH_PATHS = (
					"$(inherited)",
					"@executable_path/Frameworks",
				);
				MARKETING_VERSION = 1.0;
				PRODUCT_BUNDLE_IDENTIFIER = kartik.NewsArticles;
				PRODUCT_NAME = "$(TARGET_NAME)";
				SWIFT_EMIT_LOC_STRINGS = YES;
				SWIFT_VERSION = 5.0;
				TARGETED_DEVICE_FAMILY = "1,2";
			};
			name = Release;
		};
		91D389502D7987E4004F2467 /* Debug */ = {
			isa = XCBuildConfiguration;
			buildSettings = {
				ALWAYS_EMBED_SWIFT_STANDARD_LIBRARIES = YES;
				BUNDLE_LOADER = "$(TEST_HOST)";
				CODE_SIGN_STYLE = Automatic;
				CURRENT_PROJECT_VERSION = 1;
				GENERATE_INFOPLIST_FILE = YES;
				IPHONEOS_DEPLOYMENT_TARGET = 15.5;
				MARKETING_VERSION = 1.0;
				PRODUCT_BUNDLE_IDENTIFIER = kartik.NewsArticlesTests;
				PRODUCT_NAME = "$(TARGET_NAME)";
				SWIFT_EMIT_LOC_STRINGS = NO;
				SWIFT_VERSION = 5.0;
				TARGETED_DEVICE_FAMILY = "1,2";
				TEST_HOST = "$(BUILT_PRODUCTS_DIR)/NewsArticles.app/NewsArticles";
			};
			name = Debug;
		};
		91D389512D7987E4004F2467 /* Release */ = {
			isa = XCBuildConfiguration;
			buildSettings = {
				ALWAYS_EMBED_SWIFT_STANDARD_LIBRARIES = YES;
				BUNDLE_LOADER = "$(TEST_HOST)";
				CODE_SIGN_STYLE = Automatic;
				CURRENT_PROJECT_VERSION = 1;
				GENERATE_INFOPLIST_FILE = YES;
				IPHONEOS_DEPLOYMENT_TARGET = 15.5;
				MARKETING_VERSION = 1.0;
				PRODUCT_BUNDLE_IDENTIFIER = kartik.NewsArticlesTests;
				PRODUCT_NAME = "$(TARGET_NAME)";
				SWIFT_EMIT_LOC_STRINGS = NO;
				SWIFT_VERSION = 5.0;
				TARGETED_DEVICE_FAMILY = "1,2";
				TEST_HOST = "$(BUILT_PRODUCTS_DIR)/NewsArticles.app/NewsArticles";
			};
			name = Release;
		};
		91D389532D7987E4004F2467 /* Debug */ = {
			isa = XCBuildConfiguration;
			buildSettings = {
				ALWAYS_EMBED_SWIFT_STANDARD_LIBRARIES = YES;
				CODE_SIGN_STYLE = Automatic;
				CURRENT_PROJECT_VERSION = 1;
				GENERATE_INFOPLIST_FILE = YES;
				MARKETING_VERSION = 1.0;
				PRODUCT_BUNDLE_IDENTIFIER = kartik.NewsArticlesUITests;
				PRODUCT_NAME = "$(TARGET_NAME)";
				SWIFT_EMIT_LOC_STRINGS = NO;
				SWIFT_VERSION = 5.0;
				TARGETED_DEVICE_FAMILY = "1,2";
				TEST_TARGET_NAME = NewsArticles;
			};
			name = Debug;
		};
		91D389542D7987E4004F2467 /* Release */ = {
			isa = XCBuildConfiguration;
			buildSettings = {
				ALWAYS_EMBED_SWIFT_STANDARD_LIBRARIES = YES;
				CODE_SIGN_STYLE = Automatic;
				CURRENT_PROJECT_VERSION = 1;
				GENERATE_INFOPLIST_FILE = YES;
				MARKETING_VERSION = 1.0;
				PRODUCT_BUNDLE_IDENTIFIER = kartik.NewsArticlesUITests;
				PRODUCT_NAME = "$(TARGET_NAME)";
				SWIFT_EMIT_LOC_STRINGS = NO;
				SWIFT_VERSION = 5.0;
				TARGETED_DEVICE_FAMILY = "1,2";
				TEST_TARGET_NAME = NewsArticles;
			};
			name = Release;
		};
/* End XCBuildConfiguration section */

/* Begin XCConfigurationList section */
		91D389232D7987E2004F2467 /* Build configuration list for PBXProject "NewsArticles" */ = {
			isa = XCConfigurationList;
			buildConfigurations = (
				91D3894A2D7987E4004F2467 /* Debug */,
				91D3894B2D7987E4004F2467 /* Release */,
			);
			defaultConfigurationIsVisible = 0;
			defaultConfigurationName = Release;
		};
		91D3894C2D7987E4004F2467 /* Build configuration list for PBXNativeTarget "NewsArticles" */ = {
			isa = XCConfigurationList;
			buildConfigurations = (
				91D3894D2D7987E4004F2467 /* Debug */,
				91D3894E2D7987E4004F2467 /* Release */,
			);
			defaultConfigurationIsVisible = 0;
			defaultConfigurationName = Release;
		};
		91D3894F2D7987E4004F2467 /* Build configuration list for PBXNativeTarget "NewsArticlesTests" */ = {
			isa = XCConfigurationList;
			buildConfigurations = (
				91D389502D7987E4004F2467 /* Debug */,
				91D389512D7987E4004F2467 /* Release */,
			);
			defaultConfigurationIsVisible = 0;
			defaultConfigurationName = Release;
		};
		91D389522D7987E4004F2467 /* Build configuration list for PBXNativeTarget "NewsArticlesUITests" */ = {
			isa = XCConfigurationList;
			buildConfigurations = (
				91D389532D7987E4004F2467 /* Debug */,
				91D389542D7987E4004F2467 /* Release */,
			);
			defaultConfigurationIsVisible = 0;
			defaultConfigurationName = Release;
		};
/* End XCConfigurationList section */
	};
	rootObject = 91D389202D7987E2004F2467 /* Project object */;
}
